<?xml version="1.0" encoding="utf-8"?>
<Project ToolsVersion="4.0" xmlns="http://schemas.microsoft.com/developer/msbuild/2003">
  <ItemGroup>
    <Filter Include="Source Files">
      <UniqueIdentifier>{4FC737F1-C7A5-4376-A066-2A32D752A2FF}</UniqueIdentifier>
      <Extensions>cpp;c;cc;cxx;c++;cppm;ixx;def;odl;idl;hpj;bat;asm;asmx</Extensions>
    </Filter>
    <Filter Include="Header Files">
      <UniqueIdentifier>{93995380-89BD-4b04-88EB-625FBE52EBFB}</UniqueIdentifier>
      <Extensions>h;hh;hpp;hxx;h++;hm;inl;inc;ipp;xsd</Extensions>
    </Filter>
    <Filter Include="Resource Files">
      <UniqueIdentifier>{67DA6AB6-F800-4c08-8B7A-83BB121AAD01}</UniqueIdentifier>
      <Extensions>rc;ico;cur;bmp;dlg;rc2;rct;bin;rgs;gif;jpg;jpeg;jpe;resx;tiff;tif;png;wav;mfcribbon-ms</Extensions>
    </Filter>
    <Filter Include="Source Files\Widgets">
      <UniqueIdentifier>{6bfb5e30-e797-4cda-af5d-dc4d8e51a5f5}</UniqueIdentifier>
    </Filter>
    <Filter Include="Source Files\ImGui">
      <UniqueIdentifier>{b432ee88-fa86-4d7d-af97-efe6db6fd408}</UniqueIdentifier>
    </Filter>
    <Filter Include="Source Files\Tools">
      <UniqueIdentifier>{8bc7a9e7-dbb7-4e0c-a7ab-6f4eb0dbf3e6}</UniqueIdentifier>
    </Filter>
  </ItemGroup>
  <ItemGroup>
    <ClInclude Include="framework.h">
      <Filter>Header Files</Filter>
    </ClInclude>
    <ClInclude Include="pch.h">
      <Filter>Header Files</Filter>
    </ClInclude>
    <ClInclude Include="..\FPSLayer.h">
      <Filter>Source Files</Filter>
    </ClInclude>
    <ClInclude Include="..\ImGuiLayer.h">
      <Filter>Source Files</Filter>
    </ClInclude>
    <ClInclude Include="..\MouseTest.h">
      <Filter>Source Files</Filter>
    </ClInclude>
    <ClInclude Include="..\sk_ui.h">
      <Filter>Source Files</Filter>
    </ClInclude>
    <ClInclude Include="..\SkiaApp.h">
      <Filter>Source Files</Filter>
    </ClInclude>
    <ClInclude Include="..\SkiaAppLayer.h">
      <Filter>Source Files</Filter>
    </ClInclude>
    <ClInclude Include="..\StatsLayer.h">
      <Filter>Source Files</Filter>
    </ClInclude>
    <ClInclude Include="..\TemplateLayer.h">
      <Filter>Source Files</Filter>
    </ClInclude>
    <ClInclude Include="..\WidgetLayer.h">
      <Filter>Source Files</Filter>
    </ClInclude>
    <ClInclude Include="..\Widgets\AppBar.h">
      <Filter>Source Files\Widgets</Filter>
    </ClInclude>
    <ClInclude Include="..\Widgets\Button.h">
      <Filter>Source Files\Widgets</Filter>
    </ClInclude>
    <ClInclude Include="..\Widgets\Container.h">
      <Filter>Source Files\Widgets</Filter>
    </ClInclude>
    <ClInclude Include="..\Widgets\Guage.h">
      <Filter>Source Files\Widgets</Filter>
    </ClInclude>
    <ClInclude Include="..\Widgets\Image.h">
      <Filter>Source Files\Widgets</Filter>
    </ClInclude>
    <ClInclude Include="..\Widgets\List.h">
      <Filter>Source Files\Widgets</Filter>
    </ClInclude>
    <ClInclude Include="..\Widgets\Scaffold.h">
      <Filter>Source Files\Widgets</Filter>
    </ClInclude>
    <ClInclude Include="..\Widgets\Slider.h">
      <Filter>Source Files\Widgets</Filter>
    </ClInclude>
    <ClInclude Include="..\Widgets\Switch.h">
      <Filter>Source Files\Widgets</Filter>
    </ClInclude>
    <ClInclude Include="..\Widgets\Tab.h">
      <Filter>Source Files\Widgets</Filter>
    </ClInclude>
    <ClInclude Include="..\Widgets\Text.h">
      <Filter>Source Files\Widgets</Filter>
    </ClInclude>
    <ClInclude Include="..\Widgets\Toast.h">
      <Filter>Source Files\Widgets</Filter>
    </ClInclude>
    <ClInclude Include="..\Widgets\Widget.h">
      <Filter>Source Files\Widgets</Filter>
    </ClInclude>
    <ClInclude Include="..\Widgets\WidgetData.h">
      <Filter>Source Files\Widgets</Filter>
    </ClInclude>
    <ClInclude Include="..\Widgets\WidgetMQTT.h">
      <Filter>Source Files\Widgets</Filter>
    </ClInclude>
    <ClInclude Include="..\..\..\third_party\externals\imgui\imgui.h">
      <Filter>Source Files\ImGui</Filter>
    </ClInclude>
    <ClInclude Include="..\..\..\third_party\externals\imgui\imgui_internal.h">
      <Filter>Source Files\ImGui</Filter>
    </ClInclude>
    <ClInclude Include="..\..\..\third_party\externals\imgui\imstb_rectpack.h">
      <Filter>Source Files\ImGui</Filter>
    </ClInclude>
    <ClInclude Include="..\..\..\third_party\externals\imgui\imstb_textedit.h">
      <Filter>Source Files\ImGui</Filter>
    </ClInclude>
    <ClInclude Include="..\..\..\third_party\externals\imgui\imstb_truetype.h">
      <Filter>Source Files\ImGui</Filter>
    </ClInclude>
    <ClInclude Include="..\..\..\third_party\externals\imgui\misc\cpp\imgui_stdlib.h">
      <Filter>Source Files\ImGui</Filter>
    </ClInclude>
    <ClInclude Include="..\..\..\third_party\externals\skia\tools\Resources.h">
      <Filter>Source Files\Tools</Filter>
    </ClInclude>
    <ClInclude Include="..\..\..\third_party\externals\skia\tools\flags\CommandLineFlags.h">
      <Filter>Source Files\Tools</Filter>
    </ClInclude>
  </ItemGroup>
  <ItemGroup>
    <ClCompile Include="sk_ui.cpp">
      <Filter>Source Files</Filter>
    </ClCompile>
    <ClCompile Include="..\FPSLayer.cpp">
      <Filter>Source Files</Filter>
    </ClCompile>
    <ClCompile Include="..\ImGuiLayer.cpp">
      <Filter>Source Files</Filter>
    </ClCompile>
    <ClCompile Include="..\MouseTest.cpp">
      <Filter>Source Files</Filter>
    </ClCompile>
    <ClCompile Include="..\SkiaApp.cpp">
      <Filter>Source Files</Filter>
    </ClCompile>
    <ClCompile Include="..\SkiaAppLayer.cpp">
      <Filter>Source Files</Filter>
    </ClCompile>
    <ClCompile Include="..\StatsLayer.cpp">
      <Filter>Source Files</Filter>
    </ClCompile>
    <ClCompile Include="..\TemplateLayer.cpp">
      <Filter>Source Files</Filter>
    </ClCompile>
    <ClCompile Include="..\WidgetLayer.cpp">
      <Filter>Source Files</Filter>
    </ClCompile>
    <ClCompile Include="..\Widgets\AppBar.cpp">
      <Filter>Source Files\Widgets</Filter>
    </ClCompile>
    <ClCompile Include="..\Widgets\Button.cpp">
      <Filter>Source Files\Widgets</Filter>
    </ClCompile>
    <ClCompile Include="..\Widgets\Container.cpp">
      <Filter>Source Files\Widgets</Filter>
    </ClCompile>
    <ClCompile Include="..\Widgets\Guage.cpp">
      <Filter>Source Files\Widgets</Filter>
    </ClCompile>
    <ClCompile Include="..\Widgets\Image.cpp">
      <Filter>Source Files\Widgets</Filter>
    </ClCompile>
    <ClCompile Include="..\Widgets\List.cpp">
      <Filter>Source Files\Widgets</Filter>
    </ClCompile>
    <ClCompile Include="..\Widgets\Scaffold.cpp">
      <Filter>Source Files\Widgets</Filter>
    </ClCompile>
    <ClCompile Include="..\Widgets\Slider.cpp">
      <Filter>Source Files\Widgets</Filter>
    </ClCompile>
    <ClCompile Include="..\Widgets\Switch.cpp">
      <Filter>Source Files\Widgets</Filter>
    </ClCompile>
    <ClCompile Include="..\Widgets\Tab.cpp">
      <Filter>Source Files\Widgets</Filter>
    </ClCompile>
    <ClCompile Include="..\Widgets\Text.cpp">
      <Filter>Source Files\Widgets</Filter>
    </ClCompile>
    <ClCompile Include="..\Widgets\Toast.cpp">
      <Filter>Source Files\Widgets</Filter>
    </ClCompile>
    <ClCompile Include="..\Widgets\Widget.cpp">
      <Filter>Source Files\Widgets</Filter>
    </ClCompile>
    <ClCompile Include="..\Widgets\WidgetData.cpp">
      <Filter>Source Files\Widgets</Filter>
    </ClCompile>
    <ClCompile Include="..\Widgets\WidgetMQTT.cpp">
      <Filter>Source Files\Widgets</Filter>
    </ClCompile>
    <ClCompile Include="..\..\..\third_party\externals\imgui\imgui.cpp">
      <Filter>Source Files\ImGui</Filter>
    </ClCompile>
    <ClCompile Include="..\..\..\third_party\externals\imgui\imgui_demo.cpp">
      <Filter>Source Files\ImGui</Filter>
    </ClCompile>
    <ClCompile Include="..\..\..\third_party\externals\imgui\imgui_draw.cpp">
      <Filter>Source Files\ImGui</Filter>
    </ClCompile>
    <ClCompile Include="..\..\..\third_party\externals\imgui\imgui_widgets.cpp">
      <Filter>Source Files\ImGui</Filter>
    </ClCompile>
    <ClCompile Include="..\..\..\third_party\externals\imgui\misc\cpp\imgui_stdlib.cpp">
      <Filter>Source Files\ImGui</Filter>
    </ClCompile>
    <ClCompile Include="..\..\..\third_party\externals\skia\tools\Resources.cpp">
      <Filter>Source Files\Tools</Filter>
    </ClCompile>
    <ClCompile Include="..\..\..\third_party\externals\skia\tools\flags\CommandLineFlags.cpp">
      <Filter>Source Files\Tools</Filter>
    </ClCompile>
  </ItemGroup>
</Project>