// !$*UTF8*$!
{
	archiveVersion = 1;
	classes = {
	};
	objectVersion = 46;
	objects = {

/* Begin PBXBuildFile section */
		FEBB5BD31F38C1190070949D /* backend_dxf.c in Sources */ = {isa = PBXBuildFile; fileRef = FEBB5BBB1F38C1190070949D /* backend_dxf.c */; };
		FEBB5BD41F38C1190070949D /* backend_eps.c in Sources */ = {isa = PBXBuildFile; fileRef = FEBB5BBC1F38C1190070949D /* backend_eps.c */; };
		FEBB5BD51F38C1190070949D /* backend_geojson.c in Sources */ = {isa = PBXBuildFile; fileRef = FEBB5BBD1F38C1190070949D /* backend_geojson.c */; };
		FEBB5BD61F38C1190070949D /* backend_pdf.c in Sources */ = {isa = PBXBuildFile; fileRef = FEBB5BBE1F38C1190070949D /* backend_pdf.c */; };
		FEBB5BD71F38C1190070949D /* backend_pgm.c in Sources */ = {isa = PBXBuildFile; fileRef = FEBB5BBF1F38C1190070949D /* backend_pgm.c */; };
		FEBB5BD81F38C1190070949D /* backend_svg.c in Sources */ = {isa = PBXBuildFile; fileRef = FEBB5BC01F38C1190070949D /* backend_svg.c */; };
		FEBB5BD91F38C1190070949D /* backend_xfig.c in Sources */ = {isa = PBXBuildFile; fileRef = FEBB5BC11F38C1190070949D /* backend_xfig.c */; };
		FEBB5BDA1F38C1190070949D /* bbox.c in Sources */ = {isa = PBXBuildFile; fileRef = FEBB5BC21F38C1190070949D /* bbox.c */; };
		FEBB5BDB1F38C1190070949D /* bitmap_io.c in Sources */ = {isa = PBXBuildFile; fileRef = FEBB5BC31F38C1190070949D /* bitmap_io.c */; };
		FEBB5BDC1F38C1190070949D /* curve.c in Sources */ = {isa = PBXBuildFile; fileRef = FEBB5BC41F38C1190070949D /* curve.c */; };
		FEBB5BDD1F38C1190070949D /* decompose.c in Sources */ = {isa = PBXBuildFile; fileRef = FEBB5BC51F38C1190070949D /* decompose.c */; };
		FEBB5BDE1F38C1190070949D /* flate.c in Sources */ = {isa = PBXBuildFile; fileRef = FEBB5BC61F38C1190070949D /* flate.c */; };
		FEBB5BE11F38C1190070949D /* greymap.c in Sources */ = {isa = PBXBuildFile; fileRef = FEBB5BC91F38C1190070949D /* greymap.c */; };
		FEBB5BE21F38C1190070949D /* lzw.c in Sources */ = {isa = PBXBuildFile; fileRef = FEBB5BCA1F38C1190070949D /* lzw.c */; };
		FEBB5BE61F38C1190070949D /* potracelib.c in Sources */ = {isa = PBXBuildFile; fileRef = FEBB5BCE1F38C1190070949D /* potracelib.c */; };
		FEBB5BE71F38C1190070949D /* progress_bar.c in Sources */ = {isa = PBXBuildFile; fileRef = FEBB5BCF1F38C1190070949D /* progress_bar.c */; };
		FEBB5BE81F38C1190070949D /* render.c in Sources */ = {isa = PBXBuildFile; fileRef = FEBB5BD01F38C1190070949D /* render.c */; };
		FEBB5BE91F38C1190070949D /* trace.c in Sources */ = {isa = PBXBuildFile; fileRef = FEBB5BD11F38C1190070949D /* trace.c */; };
		FEBB5BEA1F38C1190070949D /* trans.c in Sources */ = {isa = PBXBuildFile; fileRef = FEBB5BD21F38C1190070949D /* trans.c */; };
/* End PBXBuildFile section */

/* Begin PBXCopyFilesBuildPhase section */
		FEBB5BAA1F38C0150070949D /* CopyFiles */ = {
			isa = PBXCopyFilesBuildPhase;
			buildActionMask = 2147483647;
			dstPath = "include/$(PRODUCT_NAME)";
			dstSubfolderSpec = 16;
			files = (
			);
			runOnlyForDeploymentPostprocessing = 0;
		};
/* End PBXCopyFilesBuildPhase section */

/* Begin PBXFileReference section */
		FEBB5BAC1F38C0150070949D /* libpotrace.a */ = {isa = PBXFileReference; explicitFileType = archive.ar; includeInIndex = 0; path = libpotrace.a; sourceTree = BUILT_PRODUCTS_DIR; };
		FEBB5BBA1F38C08D0070949D /* config.h */ = {isa = PBXFileReference; fileEncoding = 4; lastKnownFileType = sourcecode.c.h; path = config.h; sourceTree = "<group>"; };
		FEBB5BBB1F38C1190070949D /* backend_dxf.c */ = {isa = PBXFileReference; fileEncoding = 4; lastKnownFileType = sourcecode.c.c; name = backend_dxf.c; path = src/backend_dxf.c; sourceTree = "<group>"; };
		FEBB5BBC1F38C1190070949D /* backend_eps.c */ = {isa = PBXFileReference; fileEncoding = 4; lastKnownFileType = sourcecode.c.c; name = backend_eps.c; path = src/backend_eps.c; sourceTree = "<group>"; };
		FEBB5BBD1F38C1190070949D /* backend_geojson.c */ = {isa = PBXFileReference; fileEncoding = 4; lastKnownFileType = sourcecode.c.c; name = backend_geojson.c; path = src/backend_geojson.c; sourceTree = "<group>"; };
		FEBB5BBE1F38C1190070949D /* backend_pdf.c */ = {isa = PBXFileReference; fileEncoding = 4; lastKnownFileType = sourcecode.c.c; name = backend_pdf.c; path = src/backend_pdf.c; sourceTree = "<group>"; };
		FEBB5BBF1F38C1190070949D /* backend_pgm.c */ = {isa = PBXFileReference; fileEncoding = 4; lastKnownFileType = sourcecode.c.c; name = backend_pgm.c; path = src/backend_pgm.c; sourceTree = "<group>"; };
		FEBB5BC01F38C1190070949D /* backend_svg.c */ = {isa = PBXFileReference; fileEncoding = 4; lastKnownFileType = sourcecode.c.c; name = backend_svg.c; path = src/backend_svg.c; sourceTree = "<group>"; };
		FEBB5BC11F38C1190070949D /* backend_xfig.c */ = {isa = PBXFileReference; fileEncoding = 4; lastKnownFileType = sourcecode.c.c; name = backend_xfig.c; path = src/backend_xfig.c; sourceTree = "<group>"; };
		FEBB5BC21F38C1190070949D /* bbox.c */ = {isa = PBXFileReference; fileEncoding = 4; lastKnownFileType = sourcecode.c.c; name = bbox.c; path = src/bbox.c; sourceTree = "<group>"; };
		FEBB5BC31F38C1190070949D /* bitmap_io.c */ = {isa = PBXFileReference; fileEncoding = 4; lastKnownFileType = sourcecode.c.c; name = bitmap_io.c; path = src/bitmap_io.c; sourceTree = "<group>"; };
		FEBB5BC41F38C1190070949D /* curve.c */ = {isa = PBXFileReference; fileEncoding = 4; lastKnownFileType = sourcecode.c.c; name = curve.c; path = src/curve.c; sourceTree = "<group>"; };
		FEBB5BC51F38C1190070949D /* decompose.c */ = {isa = PBXFileReference; fileEncoding = 4; lastKnownFileType = sourcecode.c.c; name = decompose.c; path = src/decompose.c; sourceTree = "<group>"; };
		FEBB5BC61F38C1190070949D /* flate.c */ = {isa = PBXFileReference; fileEncoding = 4; lastKnownFileType = sourcecode.c.c; name = flate.c; path = src/flate.c; sourceTree = "<group>"; };
		FEBB5BC71F38C1190070949D /* getopt.c */ = {isa = PBXFileReference; fileEncoding = 4; lastKnownFileType = sourcecode.c.c; name = getopt.c; path = src/getopt.c; sourceTree = "<group>"; };
		FEBB5BC81F38C1190070949D /* getopt1.c */ = {isa = PBXFileReference; fileEncoding = 4; lastKnownFileType = sourcecode.c.c; name = getopt1.c; path = src/getopt1.c; sourceTree = "<group>"; };
		FEBB5BC91F38C1190070949D /* greymap.c */ = {isa = PBXFileReference; fileEncoding = 4; lastKnownFileType = sourcecode.c.c; name = greymap.c; path = src/greymap.c; sourceTree = "<group>"; };
		FEBB5BCA1F38C1190070949D /* lzw.c */ = {isa = PBXFileReference; fileEncoding = 4; lastKnownFileType = sourcecode.c.c; name = lzw.c; path = src/lzw.c; sourceTree = "<group>"; };
		FEBB5BCB1F38C1190070949D /* main.c */ = {isa = PBXFileReference; fileEncoding = 4; lastKnownFileType = sourcecode.c.c; name = main.c; path = src/main.c; sourceTree = "<group>"; };
		FEBB5BCC1F38C1190070949D /* mkbitmap.c */ = {isa = PBXFileReference; fileEncoding = 4; lastKnownFileType = sourcecode.c.c; name = mkbitmap.c; path = src/mkbitmap.c; sourceTree = "<group>"; };
		FEBB5BCD1F38C1190070949D /* potracelib_demo.c */ = {isa = PBXFileReference; fileEncoding = 4; lastKnownFileType = sourcecode.c.c; name = potracelib_demo.c; path = src/potracelib_demo.c; sourceTree = "<group>"; };
		FEBB5BCE1F38C1190070949D /* potracelib.c */ = {isa = PBXFileReference; fileEncoding = 4; lastKnownFileType = sourcecode.c.c; name = potracelib.c; path = src/potracelib.c; sourceTree = "<group>"; };
		FEBB5BCF1F38C1190070949D /* progress_bar.c */ = {isa = PBXFileReference; fileEncoding = 4; lastKnownFileType = sourcecode.c.c; name = progress_bar.c; path = src/progress_bar.c; sourceTree = "<group>"; };
		FEBB5BD01F38C1190070949D /* render.c */ = {isa = PBXFileReference; fileEncoding = 4; lastKnownFileType = sourcecode.c.c; name = render.c; path = src/render.c; sourceTree = "<group>"; };
		FEBB5BD11F38C1190070949D /* trace.c */ = {isa = PBXFileReference; fileEncoding = 4; lastKnownFileType = sourcecode.c.c; name = trace.c; path = src/trace.c; sourceTree = "<group>"; };
		FEBB5BD21F38C1190070949D /* trans.c */ = {isa = PBXFileReference; fileEncoding = 4; lastKnownFileType = sourcecode.c.c; name = trans.c; path = src/trans.c; sourceTree = "<group>"; };
		FEBB5BEB1F38C15C0070949D /* auxiliary.h */ = {isa = PBXFileReference; fileEncoding = 4; lastKnownFileType = sourcecode.c.h; name = auxiliary.h; path = src/auxiliary.h; sourceTree = "<group>"; };
		FEBB5BEC1F38C15C0070949D /* backend_dxf.h */ = {isa = PBXFileReference; fileEncoding = 4; lastKnownFileType = sourcecode.c.h; name = backend_dxf.h; path = src/backend_dxf.h; sourceTree = "<group>"; };
		FEBB5BED1F38C15C0070949D /* backend_eps.h */ = {isa = PBXFileReference; fileEncoding = 4; lastKnownFileType = sourcecode.c.h; name = backend_eps.h; path = src/backend_eps.h; sourceTree = "<group>"; };
		FEBB5BEE1F38C15C0070949D /* backend_geojson.h */ = {isa = PBXFileReference; fileEncoding = 4; lastKnownFileType = sourcecode.c.h; name = backend_geojson.h; path = src/backend_geojson.h; sourceTree = "<group>"; };
		FEBB5BEF1F38C15C0070949D /* backend_pdf.h */ = {isa = PBXFileReference; fileEncoding = 4; lastKnownFileType = sourcecode.c.h; name = backend_pdf.h; path = src/backend_pdf.h; sourceTree = "<group>"; };
		FEBB5BF01F38C15C0070949D /* backend_pgm.h */ = {isa = PBXFileReference; fileEncoding = 4; lastKnownFileType = sourcecode.c.h; name = backend_pgm.h; path = src/backend_pgm.h; sourceTree = "<group>"; };
		FEBB5BF11F38C15C0070949D /* backend_svg.h */ = {isa = PBXFileReference; fileEncoding = 4; lastKnownFileType = sourcecode.c.h; name = backend_svg.h; path = src/backend_svg.h; sourceTree = "<group>"; };
		FEBB5BF21F38C15C0070949D /* backend_xfig.h */ = {isa = PBXFileReference; fileEncoding = 4; lastKnownFileType = sourcecode.c.h; name = backend_xfig.h; path = src/backend_xfig.h; sourceTree = "<group>"; };
		FEBB5BF31F38C15C0070949D /* bbox.h */ = {isa = PBXFileReference; fileEncoding = 4; lastKnownFileType = sourcecode.c.h; name = bbox.h; path = src/bbox.h; sourceTree = "<group>"; };
		FEBB5BF41F38C15C0070949D /* bitmap_io.h */ = {isa = PBXFileReference; fileEncoding = 4; lastKnownFileType = sourcecode.c.h; name = bitmap_io.h; path = src/bitmap_io.h; sourceTree = "<group>"; };
		FEBB5BF51F38C15C0070949D /* bitmap.h */ = {isa = PBXFileReference; fileEncoding = 4; lastKnownFileType = sourcecode.c.h; name = bitmap.h; path = src/bitmap.h; sourceTree = "<group>"; };
		FEBB5BF61F38C15C0070949D /* bitops.h */ = {isa = PBXFileReference; fileEncoding = 4; lastKnownFileType = sourcecode.c.h; name = bitops.h; path = src/bitops.h; sourceTree = "<group>"; };
		FEBB5BF71F38C15C0070949D /* curve.h */ = {isa = PBXFileReference; fileEncoding = 4; lastKnownFileType = sourcecode.c.h; name = curve.h; path = src/curve.h; sourceTree = "<group>"; };
		FEBB5BF81F38C15C0070949D /* decompose.h */ = {isa = PBXFileReference; fileEncoding = 4; lastKnownFileType = sourcecode.c.h; name = decompose.h; path = src/decompose.h; sourceTree = "<group>"; };
		FEBB5BF91F38C15C0070949D /* flate.h */ = {isa = PBXFileReference; fileEncoding = 4; lastKnownFileType = sourcecode.c.h; name = flate.h; path = src/flate.h; sourceTree = "<group>"; };
		FEBB5BFA1F38C15C0070949D /* getopt.h */ = {isa = PBXFileReference; fileEncoding = 4; lastKnownFileType = sourcecode.c.h; name = getopt.h; path = src/getopt.h; sourceTree = "<group>"; };
		FEBB5BFB1F38C15C0070949D /* greymap.h */ = {isa = PBXFileReference; fileEncoding = 4; lastKnownFileType = sourcecode.c.h; name = greymap.h; path = src/greymap.h; sourceTree = "<group>"; };
		FEBB5BFC1F38C15C0070949D /* lists.h */ = {isa = PBXFileReference; fileEncoding = 4; lastKnownFileType = sourcecode.c.h; name = lists.h; path = src/lists.h; sourceTree = "<group>"; };
		FEBB5BFD1F38C15C0070949D /* lzw.h */ = {isa = PBXFileReference; fileEncoding = 4; lastKnownFileType = sourcecode.c.h; name = lzw.h; path = src/lzw.h; sourceTree = "<group>"; };
		FEBB5BFE1F38C15C0070949D /* main.h */ = {isa = PBXFileReference; fileEncoding = 4; lastKnownFileType = sourcecode.c.h; name = main.h; path = src/main.h; sourceTree = "<group>"; };
		FEBB5BFF1F38C15C0070949D /* platform.h */ = {isa = PBXFileReference; fileEncoding = 4; lastKnownFileType = sourcecode.c.h; name = platform.h; path = src/platform.h; sourceTree = "<group>"; };
		FEBB5C001F38C15C0070949D /* potracelib.h */ = {isa = PBXFileReference; fileEncoding = 4; lastKnownFileType = sourcecode.c.h; name = potracelib.h; path = src/potracelib.h; sourceTree = "<group>"; };
		FEBB5C011F38C15C0070949D /* progress_bar.h */ = {isa = PBXFileReference; fileEncoding = 4; lastKnownFileType = sourcecode.c.h; name = progress_bar.h; path = src/progress_bar.h; sourceTree = "<group>"; };
		FEBB5C021F38C15C0070949D /* progress.h */ = {isa = PBXFileReference; fileEncoding = 4; lastKnownFileType = sourcecode.c.h; name = progress.h; path = src/progress.h; sourceTree = "<group>"; };
		FEBB5C031F38C15C0070949D /* render.h */ = {isa = PBXFileReference; fileEncoding = 4; lastKnownFileType = sourcecode.c.h; name = render.h; path = src/render.h; sourceTree = "<group>"; };
		FEBB5C041F38C15C0070949D /* trace.h */ = {isa = PBXFileReference; fileEncoding = 4; lastKnownFileType = sourcecode.c.h; name = trace.h; path = src/trace.h; sourceTree = "<group>"; };
		FEBB5C051F38C15C0070949D /* trans.h */ = {isa = PBXFileReference; fileEncoding = 4; lastKnownFileType = sourcecode.c.h; name = trans.h; path = src/trans.h; sourceTree = "<group>"; };
/* End PBXFileReference section */

/* Begin PBXFrameworksBuildPhase section */
		FEBB5BA91F38C0150070949D /* Frameworks */ = {
			isa = PBXFrameworksBuildPhase;
			buildActionMask = 2147483647;
			files = (
			);
			runOnlyForDeploymentPostprocessing = 0;
		};
/* End PBXFrameworksBuildPhase section */

/* Begin PBXGroup section */
		FEBB5BA31F38C0150070949D = {
			isa = PBXGroup;
			children = (
				FEBB5BBA1F38C08D0070949D /* config.h */,
				FEBB5BB91F38C07A0070949D /* src */,
				FEBB5BB81F38C0710070949D /* include */,
				FEBB5BAD1F38C0150070949D /* Products */,
			);
			sourceTree = "<group>";
		};
		FEBB5BAD1F38C0150070949D /* Products */ = {
			isa = PBXGroup;
			children = (
				FEBB5BAC1F38C0150070949D /* libpotrace.a */,
			);
			name = Products;
			sourceTree = "<group>";
		};
		FEBB5BB81F38C0710070949D /* include */ = {
			isa = PBXGroup;
			children = (
				FEBB5BEB1F38C15C0070949D /* auxiliary.h */,
				FEBB5BEC1F38C15C0070949D /* backend_dxf.h */,
				FEBB5BED1F38C15C0070949D /* backend_eps.h */,
				FEBB5BEE1F38C15C0070949D /* backend_geojson.h */,
				FEBB5BEF1F38C15C0070949D /* backend_pdf.h */,
				FEBB5BF01F38C15C0070949D /* backend_pgm.h */,
				FEBB5BF11F38C15C0070949D /* backend_svg.h */,
				FEBB5BF21F38C15C0070949D /* backend_xfig.h */,
				FEBB5BF31F38C15C0070949D /* bbox.h */,
				FEBB5BF41F38C15C0070949D /* bitmap_io.h */,
				FEBB5BF51F38C15C0070949D /* bitmap.h */,
				FEBB5BF61F38C15C0070949D /* bitops.h */,
				FEBB5BF71F38C15C0070949D /* curve.h */,
				FEBB5BF81F38C15C0070949D /* decompose.h */,
				FEBB5BF91F38C15C0070949D /* flate.h */,
				FEBB5BFA1F38C15C0070949D /* getopt.h */,
				FEBB5BFB1F38C15C0070949D /* greymap.h */,
				FEBB5BFC1F38C15C0070949D /* lists.h */,
				FEBB5BFD1F38C15C0070949D /* lzw.h */,
				FEBB5BFE1F38C15C0070949D /* main.h */,
				FEBB5BFF1F38C15C0070949D /* platform.h */,
				FEBB5C001F38C15C0070949D /* potracelib.h */,
				FEBB5C011F38C15C0070949D /* progress_bar.h */,
				FEBB5C021F38C15C0070949D /* progress.h */,
				FEBB5C031F38C15C0070949D /* render.h */,
				FEBB5C041F38C15C0070949D /* trace.h */,
				FEBB5C051F38C15C0070949D /* trans.h */,
			);
			name = include;
			sourceTree = "<group>";
		};
		FEBB5BB91F38C07A0070949D /* src */ = {
			isa = PBXGroup;
			children = (
				FEBB5BBB1F38C1190070949D /* backend_dxf.c */,
				FEBB5BBC1F38C1190070949D /* backend_eps.c */,
				FEBB5BBD1F38C1190070949D /* backend_geojson.c */,
				FEBB5BBE1F38C1190070949D /* backend_pdf.c */,
				FEBB5BBF1F38C1190070949D /* backend_pgm.c */,
				FEBB5BC01F38C1190070949D /* backend_svg.c */,
				FEBB5BC11F38C1190070949D /* backend_xfig.c */,
				FEBB5BC21F38C1190070949D /* bbox.c */,
				FEBB5BC31F38C1190070949D /* bitmap_io.c */,
				FEBB5BC41F38C1190070949D /* curve.c */,
				FEBB5BC51F38C1190070949D /* decompose.c */,
				FEBB5BC61F38C1190070949D /* flate.c */,
				FEBB5BC71F38C1190070949D /* getopt.c */,
				FEBB5BC81F38C1190070949D /* getopt1.c */,
				FEBB5BC91F38C1190070949D /* greymap.c */,
				FEBB5BCA1F38C1190070949D /* lzw.c */,
				FEBB5BCB1F38C1190070949D /* main.c */,
				FEBB5BCC1F38C1190070949D /* mkbitmap.c */,
				FEBB5BCD1F38C1190070949D /* potracelib_demo.c */,
				FEBB5BCE1F38C1190070949D /* potracelib.c */,
				FEBB5BCF1F38C1190070949D /* progress_bar.c */,
				FEBB5BD01F38C1190070949D /* render.c */,
				FEBB5BD11F38C1190070949D /* trace.c */,
				FEBB5BD21F38C1190070949D /* trans.c */,
			);
			name = src;
			sourceTree = "<group>";
		};
/* End PBXGroup section */

/* Begin PBXNativeTarget section */
		FEBB5BAB1F38C0150070949D /* potrace */ = {
			isa = PBXNativeTarget;
			buildConfigurationList = FEBB5BB51F38C0150070949D /* Build configuration list for PBXNativeTarget "potrace" */;
			buildPhases = (
				FEBB5BA81F38C0150070949D /* Sources */,
				FEBB5BA91F38C0150070949D /* Frameworks */,
				FEBB5BAA1F38C0150070949D /* CopyFiles */,
			);
			buildRules = (
			);
			dependencies = (
			);
			name = potrace;
			productName = potrace;
			productReference = FEBB5BAC1F38C0150070949D /* libpotrace.a */;
			productType = "com.apple.product-type.library.static";
		};
/* End PBXNativeTarget section */

/* Begin PBXProject section */
		FEBB5BA41F38C0150070949D /* Project object */ = {
			isa = PBXProject;
			attributes = {
				LastUpgradeCheck = 0920;
				ORGANIZATIONNAME = pinn;
				TargetAttributes = {
					FEBB5BAB1F38C0150070949D = {
						CreatedOnToolsVersion = 8.3.3;
						DevelopmentTeam = ZS84VFY3G7;
						ProvisioningStyle = Automatic;
					};
				};
			};
			buildConfigurationList = FEBB5BA71F38C0150070949D /* Build configuration list for PBXProject "potrace" */;
			compatibilityVersion = "Xcode 3.2";
			developmentRegion = English;
			hasScannedForEncodings = 0;
			knownRegions = (
				en,
			);
			mainGroup = FEBB5BA31F38C0150070949D;
			productRefGroup = FEBB5BAD1F38C0150070949D /* Products */;
			projectDirPath = "";
			projectRoot = "";
			targets = (
				FEBB5BAB1F38C0150070949D /* potrace */,
			);
		};
/* End PBXProject section */

/* Begin PBXSourcesBuildPhase section */
		FEBB5BA81F38C0150070949D /* Sources */ = {
			isa = PBXSourcesBuildPhase;
			buildActionMask = 2147483647;
			files = (
				FEBB5BEA1F38C1190070949D /* trans.c in Sources */,
				FEBB5BDE1F38C1190070949D /* flate.c in Sources */,
				FEBB5BD31F38C1190070949D /* backend_dxf.c in Sources */,
				FEBB5BD81F38C1190070949D /* backend_svg.c in Sources */,
				FEBB5BE21F38C1190070949D /* lzw.c in Sources */,
				FEBB5BE71F38C1190070949D /* progress_bar.c in Sources */,
				FEBB5BDB1F38C1190070949D /* bitmap_io.c in Sources */,
				FEBB5BE81F38C1190070949D /* render.c in Sources */,
				FEBB5BE61F38C1190070949D /* potracelib.c in Sources */,
				FEBB5BE91F38C1190070949D /* trace.c in Sources */,
				FEBB5BDA1F38C1190070949D /* bbox.c in Sources */,
				FEBB5BD41F38C1190070949D /* backend_eps.c in Sources */,
				FEBB5BD91F38C1190070949D /* backend_xfig.c in Sources */,
				FEBB5BD51F38C1190070949D /* backend_geojson.c in Sources */,
				FEBB5BDC1F38C1190070949D /* curve.c in Sources */,
				FEBB5BD61F38C1190070949D /* backend_pdf.c in Sources */,
				FEBB5BDD1F38C1190070949D /* decompose.c in Sources */,
				FEBB5BE11F38C1190070949D /* greymap.c in Sources */,
				FEBB5BD71F38C1190070949D /* backend_pgm.c in Sources */,
			);
			runOnlyForDeploymentPostprocessing = 0;
		};
/* End PBXSourcesBuildPhase section */

/* Begin XCBuildConfiguration section */
		FEBB5BB31F38C0150070949D /* Debug */ = {
			isa = XCBuildConfiguration;
			buildSettings = {
				ALWAYS_SEARCH_USER_PATHS = NO;
				CLANG_ANALYZER_NONNULL = YES;
				CLANG_ANALYZER_NUMBER_OBJECT_CONVERSION = YES_AGGRESSIVE;
				CLANG_CXX_LANGUAGE_STANDARD = "gnu++0x";
				CLANG_CXX_LIBRARY = "libc++";
				CLANG_ENABLE_MODULES = YES;
				CLANG_ENABLE_OBJC_ARC = YES;
				CLANG_WARN_BLOCK_CAPTURE_AUTORELEASING = YES;
				CLANG_WARN_BOOL_CONVERSION = YES;
				CLANG_WARN_COMMA = YES;
				CLANG_WARN_CONSTANT_CONVERSION = YES;
				CLANG_WARN_DIRECT_OBJC_ISA_USAGE = YES_ERROR;
				CLANG_WARN_DOCUMENTATION_COMMENTS = YES;
				CLANG_WARN_EMPTY_BODY = YES;
				CLANG_WARN_ENUM_CONVERSION = YES;
				CLANG_WARN_INFINITE_RECURSION = YES;
				CLANG_WARN_INT_CONVERSION = YES;
				CLANG_WARN_NON_LITERAL_NULL_CONVERSION = YES;
				CLANG_WARN_OBJC_LITERAL_CONVERSION = YES;
				CLANG_WARN_OBJC_ROOT_CLASS = YES_ERROR;
				CLANG_WARN_RANGE_LOOP_ANALYSIS = YES;
				CLANG_WARN_STRICT_PROTOTYPES = YES;
				CLANG_WARN_SUSPICIOUS_MOVE = YES;
				CLANG_WARN_UNREACHABLE_CODE = YES;
				CLANG_WARN__DUPLICATE_METHOD_MATCH = YES;
				"CODE_SIGN_IDENTITY[sdk=iphoneos*]" = "iPhone Developer";
				COPY_PHASE_STRIP = NO;
				DEBUG_INFORMATION_FORMAT = dwarf;
				ENABLE_STRICT_OBJC_MSGSEND = YES;
				ENABLE_TESTABILITY = YES;
				GCC_C_LANGUAGE_STANDARD = gnu99;
				GCC_DYNAMIC_NO_PIC = NO;
				GCC_NO_COMMON_BLOCKS = YES;
				GCC_OPTIMIZATION_LEVEL = 0;
				GCC_PREPROCESSOR_DEFINITIONS = (
					"DEBUG=1",
					"$(inherited)",
				);
				GCC_WARN_64_TO_32_BIT_CONVERSION = YES;
				GCC_WARN_ABOUT_RETURN_TYPE = YES_ERROR;
				GCC_WARN_UNDECLARED_SELECTOR = YES;
				GCC_WARN_UNINITIALIZED_AUTOS = YES_AGGRESSIVE;
				GCC_WARN_UNUSED_FUNCTION = YES;
				GCC_WARN_UNUSED_VARIABLE = YES;
				IPHONEOS_DEPLOYMENT_TARGET = 10.3;
				MTL_ENABLE_DEBUG_INFO = YES;
				ONLY_ACTIVE_ARCH = YES;
				SDKROOT = iphoneos;
			};
			name = Debug;
		};
		FEBB5BB41F38C0150070949D /* Release */ = {
			isa = XCBuildConfiguration;
			buildSettings = {
				ALWAYS_SEARCH_USER_PATHS = NO;
				CLANG_ANALYZER_NONNULL = YES;
				CLANG_ANALYZER_NUMBER_OBJECT_CONVERSION = YES_AGGRESSIVE;
				CLANG_CXX_LANGUAGE_STANDARD = "gnu++0x";
				CLANG_CXX_LIBRARY = "libc++";
				CLANG_ENABLE_MODULES = YES;
				CLANG_ENABLE_OBJC_ARC = YES;
				CLANG_WARN_BLOCK_CAPTURE_AUTORELEASING = YES;
				CLANG_WARN_BOOL_CONVERSION = YES;
				CLANG_WARN_COMMA = YES;
				CLANG_WARN_CONSTANT_CONVERSION = YES;
				CLANG_WARN_DIRECT_OBJC_ISA_USAGE = YES_ERROR;
				CLANG_WARN_DOCUMENTATION_COMMENTS = YES;
				CLANG_WARN_EMPTY_BODY = YES;
				CLANG_WARN_ENUM_CONVERSION = YES;
				CLANG_WARN_INFINITE_RECURSION = YES;
				CLANG_WARN_INT_CONVERSION = YES;
				CLANG_WARN_NON_LITERAL_NULL_CONVERSION = YES;
				CLANG_WARN_OBJC_LITERAL_CONVERSION = YES;
				CLANG_WARN_OBJC_ROOT_CLASS = YES_ERROR;
				CLANG_WARN_RANGE_LOOP_ANALYSIS = YES;
				CLANG_WARN_STRICT_PROTOTYPES = YES;
				CLANG_WARN_SUSPICIOUS_MOVE = YES;
				CLANG_WARN_UNREACHABLE_CODE = YES;
				CLANG_WARN__DUPLICATE_METHOD_MATCH = YES;
				"CODE_SIGN_IDENTITY[sdk=iphoneos*]" = "iPhone Developer";
				COPY_PHASE_STRIP = NO;
				DEBUG_INFORMATION_FORMAT = "dwarf-with-dsym";
				ENABLE_NS_ASSERTIONS = NO;
				ENABLE_STRICT_OBJC_MSGSEND = YES;
				GCC_C_LANGUAGE_STANDARD = gnu99;
				GCC_NO_COMMON_BLOCKS = YES;
				GCC_WARN_64_TO_32_BIT_CONVERSION = YES;
				GCC_WARN_ABOUT_RETURN_TYPE = YES_ERROR;
				GCC_WARN_UNDECLARED_SELECTOR = YES;
				GCC_WARN_UNINITIALIZED_AUTOS = YES_AGGRESSIVE;
				GCC_WARN_UNUSED_FUNCTION = YES;
				GCC_WARN_UNUSED_VARIABLE = YES;
				IPHONEOS_DEPLOYMENT_TARGET = 10.3;
				MTL_ENABLE_DEBUG_INFO = NO;
				SDKROOT = iphoneos;
				VALIDATE_PRODUCT = YES;
			};
			name = Release;
		};
		FEBB5BB61F38C0150070949D /* Debug */ = {
			isa = XCBuildConfiguration;
			buildSettings = {
				DEVELOPMENT_TEAM = ZS84VFY3G7;
				GCC_PREPROCESSOR_DEFINITIONS = HAVE_CONFIG_H;
				IPHONEOS_DEPLOYMENT_TARGET = 8.0;
				ONLY_ACTIVE_ARCH = NO;
				OTHER_LDFLAGS = "-ObjC";
				PRODUCT_NAME = "$(TARGET_NAME)";
				SKIP_INSTALL = YES;
			};
			name = Debug;
		};
		FEBB5BB71F38C0150070949D /* Release */ = {
			isa = XCBuildConfiguration;
			buildSettings = {
				DEVELOPMENT_TEAM = ZS84VFY3G7;
				GCC_PREPROCESSOR_DEFINITIONS = HAVE_CONFIG_H;
				IPHONEOS_DEPLOYMENT_TARGET = 8.0;
				ONLY_ACTIVE_ARCH = NO;
				OTHER_LDFLAGS = "-ObjC";
				PRODUCT_NAME = "$(TARGET_NAME)";
				SKIP_INSTALL = YES;
			};
			name = Release;
		};
/* End XCBuildConfiguration section */

/* Begin XCConfigurationList section */
		FEBB5BA71F38C0150070949D /* Build configuration list for PBXProject "potrace" */ = {
			isa = XCConfigurationList;
			buildConfigurations = (
				FEBB5BB31F38C0150070949D /* Debug */,
				FEBB5BB41F38C0150070949D /* Release */,
			);
			defaultConfigurationIsVisible = 0;
			defaultConfigurationName = Release;
		};
		FEBB5BB51F38C0150070949D /* Build configuration list for PBXNativeTarget "potrace" */ = {
			isa = XCConfigurationList;
			buildConfigurations = (
				FEBB5BB61F38C0150070949D /* Debug */,
				FEBB5BB71F38C0150070949D /* Release */,
			);
			defaultConfigurationIsVisible = 0;
			defaultConfigurationName = Release;
		};
/* End XCConfigurationList section */
	};
	rootObject = FEBB5BA41F38C0150070949D /* Project object */;
}
