// !$*UTF8*$!
{
	archiveVersion = 1;
	classes = {
	};
	objectVersion = 46;
	objects = {

/* Begin PBXBuildFile section */
		1D60589F0D05DD5A006BFB54 /* Foundation.framework in Frameworks */ = {isa = PBXBuildFile; fileRef = 1D30AB110D05D00D00671497 /* Foundation.framework */; };
		1DF5F4E00D08C38300B7A737 /* UIKit.framework in Frameworks */ = {isa = PBXBuildFile; fileRef = 1DF5F4DF0D08C38300B7A737 /* UIKit.framework */; };
		28FD15000DC6FC520079059D /* OpenGLES.framework in Frameworks */ = {isa = PBXBuildFile; fileRef = 28FD14FF0DC6FC520079059D /* OpenGLES.framework */; };
		28FD15080DC6FC5B0079059D /* QuartzCore.framework in Frameworks */ = {isa = PBXBuildFile; fileRef = 28FD15070DC6FC5B0079059D /* QuartzCore.framework */; };
		945C4F53195AF17F00DBBF61 /* Default-568h@2x.png in Resources */ = {isa = PBXBuildFile; fileRef = 945C4F52195AF17F00DBBF61 /* Default-568h@2x.png */; };
		BF64582A264A20E1002B60B2 /* main.cpp in Sources */ = {isa = PBXBuildFile; fileRef = BF645829264A20E1002B60B2 /* main.cpp */; };
		BF964EDA2648B23E001FD989 /* libmqtt_c.a in Frameworks */ = {isa = PBXBuildFile; fileRef = BF964ED92648B23E001FD989 /* libmqtt_c.a */; };
		BF964EE826492907001FD989 /* HelloWorldLayer.cpp in Sources */ = {isa = PBXBuildFile; fileRef = BF964EE426492907001FD989 /* HelloWorldLayer.cpp */; };
		BF964EE926492907001FD989 /* AppCreator.cpp in Sources */ = {isa = PBXBuildFile; fileRef = BF964EE526492907001FD989 /* AppCreator.cpp */; };
		BFBAA702264951C30035B6B5 /* libsk_ui.a in Frameworks */ = {isa = PBXBuildFile; fileRef = BFBAA6FF264951B10035B6B5 /* libsk_ui.a */; };
		BFC1453A2625D84100BC918B /* CoreText.framework in Frameworks */ = {isa = PBXBuildFile; fileRef = BFC145392625D84100BC918B /* CoreText.framework */; };
		BFC145612625E63200BC918B /* libsdl.a in Frameworks */ = {isa = PBXBuildFile; fileRef = BFC145022625D75100BC918B /* libsdl.a */; };
		BFC145632625E63D00BC918B /* libskia.a in Frameworks */ = {isa = PBXBuildFile; fileRef = BFC1450F2625D75100BC918B /* libskia.a */; };
		BFC14E6E2625EEF300BC918B /* data in Resources */ = {isa = PBXBuildFile; fileRef = BFC14E6D2625EEF300BC918B /* data */; };
		BFC14E752625F1E900BC918B /* Default.png in Resources */ = {isa = PBXBuildFile; fileRef = BFC14E722625F1E900BC918B /* Default.png */; };
		BFC14E772625F1E900BC918B /* Icon.png in Resources */ = {isa = PBXBuildFile; fileRef = BFC14E742625F1E900BC918B /* Icon.png */; };
		BFC7849726E0B6960070F913 /* libskunicode.a in Frameworks */ = {isa = PBXBuildFile; fileRef = BFC7849626E0B6960070F913 /* libskunicode.a */; };
		BFC7849926E0B6A00070F913 /* libskshaper.a in Frameworks */ = {isa = PBXBuildFile; fileRef = BFC7849826E0B6A00070F913 /* libskshaper.a */; };
		F3A497AC2555F0BD00E92A8B /* CoreHaptics.framework in Frameworks */ = {isa = PBXBuildFile; fileRef = F3A497AB2555F0BD00E92A8B /* CoreHaptics.framework */; settings = {ATTRIBUTES = (Weak, ); }; };
		F3A497B02555F0FF00E92A8B /* Metal.framework in Frameworks */ = {isa = PBXBuildFile; fileRef = F3A497AF2555F0FF00E92A8B /* Metal.framework */; };
		F3A497B32555F11600E92A8B /* AVFoundation.framework in Frameworks */ = {isa = PBXBuildFile; fileRef = F3A497B22555F11600E92A8B /* AVFoundation.framework */; };
		FA8B4B97196703B400F8EB7C /* CoreMotion.framework in Frameworks */ = {isa = PBXBuildFile; fileRef = FA8B4B96196703B400F8EB7C /* CoreMotion.framework */; };
		FAE0E9651BAF967F0098DFA4 /* GameController.framework in Frameworks */ = {isa = PBXBuildFile; fileRef = FAE0E9641BAF967F0098DFA4 /* GameController.framework */; };
		FD779EDE0E26BA1200F39101 /* CoreAudio.framework in Frameworks */ = {isa = PBXBuildFile; fileRef = FD779EDD0E26BA1200F39101 /* CoreAudio.framework */; };
		FD77A0850E26BDB800F39101 /* AudioToolbox.framework in Frameworks */ = {isa = PBXBuildFile; fileRef = FD77A0840E26BDB800F39101 /* AudioToolbox.framework */; };
		FDB8BFC60E5A0F6A00980157 /* CoreGraphics.framework in Frameworks */ = {isa = PBXBuildFile; fileRef = FDB8BFC50E5A0F6A00980157 /* CoreGraphics.framework */; };
/* End PBXBuildFile section */

/* Begin PBXContainerItemProxy section */
		BFBAA6FE264951B10035B6B5 /* PBXContainerItemProxy */ = {
			isa = PBXContainerItemProxy;
			containerPortal = BFBAA6FA264951B00035B6B5 /* sk_ui.xcodeproj */;
			proxyType = 2;
			remoteGlobalIDString = BFBAA6A0264950E00035B6B5;
			remoteInfo = sk_ui;
		};
		BFBAA700264951BD0035B6B5 /* PBXContainerItemProxy */ = {
			isa = PBXContainerItemProxy;
			containerPortal = BFBAA6FA264951B00035B6B5 /* sk_ui.xcodeproj */;
			proxyType = 1;
			remoteGlobalIDString = BFBAA69F264950E00035B6B5;
			remoteInfo = sk_ui;
		};
/* End PBXContainerItemProxy section */

/* Begin PBXFileReference section */
		1D30AB110D05D00D00671497 /* Foundation.framework */ = {isa = PBXFileReference; lastKnownFileType = wrapper.framework; name = Foundation.framework; path = System/Library/Frameworks/Foundation.framework; sourceTree = SDKROOT; };
		1D6058910D05DD3D006BFB54 /* HelloWorldApp.app */ = {isa = PBXFileReference; explicitFileType = wrapper.application; includeInIndex = 0; path = HelloWorldApp.app; sourceTree = BUILT_PRODUCTS_DIR; };
		1DF5F4DF0D08C38300B7A737 /* UIKit.framework */ = {isa = PBXFileReference; lastKnownFileType = wrapper.framework; name = UIKit.framework; path = System/Library/Frameworks/UIKit.framework; sourceTree = SDKROOT; };
		28FD14FF0DC6FC520079059D /* OpenGLES.framework */ = {isa = PBXFileReference; lastKnownFileType = wrapper.framework; name = OpenGLES.framework; path = System/Library/Frameworks/OpenGLES.framework; sourceTree = SDKROOT; };
		28FD15070DC6FC5B0079059D /* QuartzCore.framework */ = {isa = PBXFileReference; lastKnownFileType = wrapper.framework; name = QuartzCore.framework; path = System/Library/Frameworks/QuartzCore.framework; sourceTree = SDKROOT; };
		945C4F52195AF17F00DBBF61 /* Default-568h@2x.png */ = {isa = PBXFileReference; lastKnownFileType = image.png; path = "Default-568h@2x.png"; sourceTree = "<group>"; };
		BF645829264A20E1002B60B2 /* main.cpp */ = {isa = PBXFileReference; fileEncoding = 4; lastKnownFileType = sourcecode.cpp.cpp; name = main.cpp; path = ../../sk_ui/_sdl_app/main.cpp; sourceTree = "<group>"; };
		BF964ED92648B23E001FD989 /* libmqtt_c.a */ = {isa = PBXFileReference; lastKnownFileType = archive.ar; name = libmqtt_c.a; path = ../../../libs/ios/arm64/release/libmqtt_c.a; sourceTree = "<group>"; };
		BF964EE426492907001FD989 /* HelloWorldLayer.cpp */ = {isa = PBXFileReference; fileEncoding = 4; lastKnownFileType = sourcecode.cpp.cpp; path = HelloWorldLayer.cpp; sourceTree = "<group>"; };
		BF964EE526492907001FD989 /* AppCreator.cpp */ = {isa = PBXFileReference; fileEncoding = 4; lastKnownFileType = sourcecode.cpp.cpp; path = AppCreator.cpp; sourceTree = "<group>"; };
		BF964EE626492907001FD989 /* HelloWorldLayer.h */ = {isa = PBXFileReference; fileEncoding = 4; lastKnownFileType = sourcecode.c.h; path = HelloWorldLayer.h; sourceTree = "<group>"; };
		BF964EE726492907001FD989 /* AppCreator.h */ = {isa = PBXFileReference; fileEncoding = 4; lastKnownFileType = sourcecode.c.h; path = AppCreator.h; sourceTree = "<group>"; };
		BFBAA6FA264951B00035B6B5 /* sk_ui.xcodeproj */ = {isa = PBXFileReference; lastKnownFileType = "wrapper.pb-project"; name = sk_ui.xcodeproj; path = ../../sk_ui/_iOS/sk_ui.xcodeproj; sourceTree = "<group>"; };
		BFC145022625D75100BC918B /* libsdl.a */ = {isa = PBXFileReference; lastKnownFileType = archive.ar; name = libsdl.a; path = ../../../../SkiaApps/libs/ios/arm64/release/libsdl.a; sourceTree = "<group>"; };
		BFC145032625D75100BC918B /* libzlib.a */ = {isa = PBXFileReference; lastKnownFileType = archive.ar; name = libzlib.a; path = ../../../../SkiaApps/libs/ios/arm64/release/libzlib.a; sourceTree = "<group>"; };
		BFC145042625D75100BC918B /* libskparagraph.a */ = {isa = PBXFileReference; lastKnownFileType = archive.ar; name = libskparagraph.a; path = ../../../../SkiaApps/libs/ios/arm64/release/libskparagraph.a; sourceTree = "<group>"; };
		BFC145052625D75100BC918B /* libharfbuzz.a */ = {isa = PBXFileReference; lastKnownFileType = archive.ar; name = libharfbuzz.a; path = ../../../../SkiaApps/libs/ios/arm64/release/libharfbuzz.a; sourceTree = "<group>"; };
		BFC145062625D75100BC918B /* libexpat.a */ = {isa = PBXFileReference; lastKnownFileType = archive.ar; name = libexpat.a; path = ../../../../SkiaApps/libs/ios/arm64/release/libexpat.a; sourceTree = "<group>"; };
		BFC145072625D75100BC918B /* libpiex.a */ = {isa = PBXFileReference; lastKnownFileType = archive.ar; name = libpiex.a; path = ../../../../SkiaApps/libs/ios/arm64/release/libpiex.a; sourceTree = "<group>"; };
		BFC145082625D75100BC918B /* libdng_sdk.a */ = {isa = PBXFileReference; lastKnownFileType = archive.ar; name = libdng_sdk.a; path = ../../../../SkiaApps/libs/ios/arm64/release/libdng_sdk.a; sourceTree = "<group>"; };
		BFC145092625D75100BC918B /* libaudioplayer.a */ = {isa = PBXFileReference; lastKnownFileType = archive.ar; name = libaudioplayer.a; path = ../../../../SkiaApps/libs/ios/arm64/release/libaudioplayer.a; sourceTree = "<group>"; };
		BFC1450A2625D75100BC918B /* libimgui.a */ = {isa = PBXFileReference; lastKnownFileType = archive.ar; name = libimgui.a; path = ../../../../SkiaApps/libs/ios/arm64/release/libimgui.a; sourceTree = "<group>"; };
		BFC1450B2625D75100BC918B /* libcompression_utils_portable.a */ = {isa = PBXFileReference; lastKnownFileType = archive.ar; name = libcompression_utils_portable.a; path = ../../../../SkiaApps/libs/ios/arm64/release/libcompression_utils_portable.a; sourceTree = "<group>"; };
		BFC1450C2625D75100BC918B /* libparticles.a */ = {isa = PBXFileReference; lastKnownFileType = archive.ar; name = libparticles.a; path = ../../../../SkiaApps/libs/ios/arm64/release/libparticles.a; sourceTree = "<group>"; };
		BFC1450D2625D75100BC918B /* libpng.a */ = {isa = PBXFileReference; lastKnownFileType = archive.ar; name = libpng.a; path = ../../../../SkiaApps/libs/ios/arm64/release/libpng.a; sourceTree = "<group>"; };
		BFC1450E2625D75100BC918B /* libskshaper.a */ = {isa = PBXFileReference; lastKnownFileType = archive.ar; name = libskshaper.a; path = ../../../../SkiaApps/libs/ios/arm64/release/libskshaper.a; sourceTree = "<group>"; };
		BFC1450F2625D75100BC918B /* libskia.a */ = {isa = PBXFileReference; lastKnownFileType = archive.ar; name = libskia.a; path = ../../../../SkiaApps/libs/ios/arm64/release/libskia.a; sourceTree = "<group>"; };
		BFC145102625D75100BC918B /* libHelloWorldLib.a */ = {isa = PBXFileReference; lastKnownFileType = archive.ar; name = libHelloWorldLib.a; path = ../../../../SkiaApps/libs/ios/arm64/release/libHelloWorldLib.a; sourceTree = "<group>"; };
		BFC145112625D75200BC918B /* libwebp_sse41.a */ = {isa = PBXFileReference; lastKnownFileType = archive.ar; name = libwebp_sse41.a; path = ../../../../SkiaApps/libs/ios/arm64/release/libwebp_sse41.a; sourceTree = "<group>"; };
		BFC145122625D75200BC918B /* libjpeg.a */ = {isa = PBXFileReference; lastKnownFileType = archive.ar; name = libjpeg.a; path = ../../../../SkiaApps/libs/ios/arm64/release/libjpeg.a; sourceTree = "<group>"; };
		BFC145132625D75200BC918B /* libsksg.a */ = {isa = PBXFileReference; lastKnownFileType = archive.ar; name = libsksg.a; path = ../../../../SkiaApps/libs/ios/arm64/release/libsksg.a; sourceTree = "<group>"; };
		BFC145142625D75200BC918B /* libsvg.a */ = {isa = PBXFileReference; lastKnownFileType = archive.ar; name = libsvg.a; path = ../../../../SkiaApps/libs/ios/arm64/release/libsvg.a; sourceTree = "<group>"; };
		BFC145152625D75200BC918B /* libskresources.a */ = {isa = PBXFileReference; lastKnownFileType = archive.ar; name = libskresources.a; path = ../../../../SkiaApps/libs/ios/arm64/release/libskresources.a; sourceTree = "<group>"; };
		BFC145162625D75200BC918B /* libicu.a */ = {isa = PBXFileReference; lastKnownFileType = archive.ar; name = libicu.a; path = ../../../../SkiaApps/libs/ios/arm64/release/libicu.a; sourceTree = "<group>"; };
		BFC145172625D75200BC918B /* libskrive.a */ = {isa = PBXFileReference; lastKnownFileType = archive.ar; name = libskrive.a; path = ../../../../SkiaApps/libs/ios/arm64/release/libskrive.a; sourceTree = "<group>"; };
		BFC145182625D75200BC918B /* libpathkit.a */ = {isa = PBXFileReference; lastKnownFileType = archive.ar; name = libpathkit.a; path = ../../../../SkiaApps/libs/ios/arm64/release/libpathkit.a; sourceTree = "<group>"; };
		BFC145192625D75200BC918B /* libskottie.a */ = {isa = PBXFileReference; lastKnownFileType = archive.ar; name = libskottie.a; path = ../../../../SkiaApps/libs/ios/arm64/release/libskottie.a; sourceTree = "<group>"; };
		BFC1451A2625D75200BC918B /* libwebp.a */ = {isa = PBXFileReference; lastKnownFileType = archive.ar; name = libwebp.a; path = ../../../../SkiaApps/libs/ios/arm64/release/libwebp.a; sourceTree = "<group>"; };
		BFC1451B2625D75200BC918B /* libsfntly.a */ = {isa = PBXFileReference; lastKnownFileType = archive.ar; name = libsfntly.a; path = ../../../../SkiaApps/libs/ios/arm64/release/libsfntly.a; sourceTree = "<group>"; };
		BFC145392625D84100BC918B /* CoreText.framework */ = {isa = PBXFileReference; lastKnownFileType = wrapper.framework; name = CoreText.framework; path = System/Library/Frameworks/CoreText.framework; sourceTree = SDKROOT; };
		BFC1455B2625E4C100BC918B /* libsk_ui.a */ = {isa = PBXFileReference; lastKnownFileType = archive.ar; name = libsk_ui.a; path = ../../../libs/ios/arm64/release/libsk_ui.a; sourceTree = "<group>"; };
		BFC14E6D2625EEF300BC918B /* data */ = {isa = PBXFileReference; lastKnownFileType = folder; path = data; sourceTree = "<group>"; };
		BFC14E722625F1E900BC918B /* Default.png */ = {isa = PBXFileReference; lastKnownFileType = image.png; path = Default.png; sourceTree = "<group>"; };
		BFC14E732625F1E900BC918B /* Info.plist */ = {isa = PBXFileReference; fileEncoding = 4; lastKnownFileType = text.plist.xml; path = Info.plist; sourceTree = "<group>"; };
		BFC14E742625F1E900BC918B /* Icon.png */ = {isa = PBXFileReference; lastKnownFileType = image.png; path = Icon.png; sourceTree = "<group>"; };
		BFC7849626E0B6960070F913 /* libskunicode.a */ = {isa = PBXFileReference; lastKnownFileType = archive.ar; name = libskunicode.a; path = ../../../_libs/ios/arm64/release/libskunicode.a; sourceTree = "<group>"; };
		BFC7849826E0B6A00070F913 /* libskshaper.a */ = {isa = PBXFileReference; lastKnownFileType = archive.ar; name = libskshaper.a; path = ../../../_libs/ios/arm64/release/libskshaper.a; sourceTree = "<group>"; };
		F3A497AB2555F0BD00E92A8B /* CoreHaptics.framework */ = {isa = PBXFileReference; lastKnownFileType = wrapper.framework; name = CoreHaptics.framework; path = System/Library/Frameworks/CoreHaptics.framework; sourceTree = SDKROOT; };
		F3A497AF2555F0FF00E92A8B /* Metal.framework */ = {isa = PBXFileReference; lastKnownFileType = wrapper.framework; name = Metal.framework; path = System/Library/Frameworks/Metal.framework; sourceTree = SDKROOT; };
		F3A497B22555F11600E92A8B /* AVFoundation.framework */ = {isa = PBXFileReference; lastKnownFileType = wrapper.framework; name = AVFoundation.framework; path = System/Library/Frameworks/AVFoundation.framework; sourceTree = SDKROOT; };
		FA8B4B96196703B400F8EB7C /* CoreMotion.framework */ = {isa = PBXFileReference; lastKnownFileType = wrapper.framework; name = CoreMotion.framework; path = System/Library/Frameworks/CoreMotion.framework; sourceTree = SDKROOT; };
		FAE0E9641BAF967F0098DFA4 /* GameController.framework */ = {isa = PBXFileReference; lastKnownFileType = wrapper.framework; name = GameController.framework; path = System/Library/Frameworks/GameController.framework; sourceTree = SDKROOT; };
		FD779EDD0E26BA1200F39101 /* CoreAudio.framework */ = {isa = PBXFileReference; lastKnownFileType = wrapper.framework; name = CoreAudio.framework; path = System/Library/Frameworks/CoreAudio.framework; sourceTree = SDKROOT; };
		FD77A0840E26BDB800F39101 /* AudioToolbox.framework */ = {isa = PBXFileReference; lastKnownFileType = wrapper.framework; name = AudioToolbox.framework; path = System/Library/Frameworks/AudioToolbox.framework; sourceTree = SDKROOT; };
		FDB8BFC50E5A0F6A00980157 /* CoreGraphics.framework */ = {isa = PBXFileReference; lastKnownFileType = wrapper.framework; name = CoreGraphics.framework; path = System/Library/Frameworks/CoreGraphics.framework; sourceTree = SDKROOT; };
/* End PBXFileReference section */

/* Begin PBXFrameworksBuildPhase section */
		1D60588F0D05DD3D006BFB54 /* Frameworks */ = {
			isa = PBXFrameworksBuildPhase;
			buildActionMask = 2147483647;
			files = (
				BFBAA702264951C30035B6B5 /* libsk_ui.a in Frameworks */,
				BF964EDA2648B23E001FD989 /* libmqtt_c.a in Frameworks */,
				BFC145612625E63200BC918B /* libsdl.a in Frameworks */,
				BFC145632625E63D00BC918B /* libskia.a in Frameworks */,
				BFC7849726E0B6960070F913 /* libskunicode.a in Frameworks */,
				BFC7849926E0B6A00070F913 /* libskshaper.a in Frameworks */,
				28FD15000DC6FC520079059D /* OpenGLES.framework in Frameworks */,
				BFC1453A2625D84100BC918B /* CoreText.framework in Frameworks */,
				FD77A0850E26BDB800F39101 /* AudioToolbox.framework in Frameworks */,
				F3A497B32555F11600E92A8B /* AVFoundation.framework in Frameworks */,
				1D60589F0D05DD5A006BFB54 /* Foundation.framework in Frameworks */,
				FD779EDE0E26BA1200F39101 /* CoreAudio.framework in Frameworks */,
				FDB8BFC60E5A0F6A00980157 /* CoreGraphics.framework in Frameworks */,
				F3A497AC2555F0BD00E92A8B /* CoreHaptics.framework in Frameworks */,
				FA8B4B97196703B400F8EB7C /* CoreMotion.framework in Frameworks */,
				FAE0E9651BAF967F0098DFA4 /* GameController.framework in Frameworks */,
				F3A497B02555F0FF00E92A8B /* Metal.framework in Frameworks */,
				28FD15080DC6FC5B0079059D /* QuartzCore.framework in Frameworks */,
				1DF5F4E00D08C38300B7A737 /* UIKit.framework in Frameworks */,
			);
			runOnlyForDeploymentPostprocessing = 0;
		};
/* End PBXFrameworksBuildPhase section */

/* Begin PBXGroup section */
		19C28FACFE9D520D11CA2CBB /* Products */ = {
			isa = PBXGroup;
			children = (
				1D6058910D05DD3D006BFB54 /* HelloWorldApp.app */,
			);
			name = Products;
			sourceTree = "<group>";
		};
		29B97314FDCFA39411CA2CEA /* CustomTemplate */ = {
			isa = PBXGroup;
			children = (
				BFBAA6FA264951B00035B6B5 /* sk_ui.xcodeproj */,
				945C4F52195AF17F00DBBF61 /* Default-568h@2x.png */,
				BFC14E722625F1E900BC918B /* Default.png */,
				BFC14E742625F1E900BC918B /* Icon.png */,
				BFC14E732625F1E900BC918B /* Info.plist */,
				BFC14E6D2625EEF300BC918B /* data */,
				29B97315FDCFA39411CA2CEA /* Sources */,
				29B97323FDCFA39411CA2CEA /* Frameworks */,
				19C28FACFE9D520D11CA2CBB /* Products */,
			);
			name = CustomTemplate;
			sourceTree = "<group>";
		};
		29B97315FDCFA39411CA2CEA /* Sources */ = {
			isa = PBXGroup;
			children = (
				BF645829264A20E1002B60B2 /* main.cpp */,
				BF964EE326492907001FD989 /* src */,
			);
			name = Sources;
			sourceTree = "<group>";
		};
		29B97323FDCFA39411CA2CEA /* Frameworks */ = {
			isa = PBXGroup;
			children = (
				BFC7849826E0B6A00070F913 /* libskshaper.a */,
				BFC7849626E0B6960070F913 /* libskunicode.a */,
				BF964ED92648B23E001FD989 /* libmqtt_c.a */,
				BFC1455B2625E4C100BC918B /* libsk_ui.a */,
				BFC145392625D84100BC918B /* CoreText.framework */,
				BFC145092625D75100BC918B /* libaudioplayer.a */,
				BFC1450B2625D75100BC918B /* libcompression_utils_portable.a */,
				BFC145082625D75100BC918B /* libdng_sdk.a */,
				BFC145062625D75100BC918B /* libexpat.a */,
				BFC145052625D75100BC918B /* libharfbuzz.a */,
				BFC145102625D75100BC918B /* libHelloWorldLib.a */,
				BFC145162625D75200BC918B /* libicu.a */,
				BFC1450A2625D75100BC918B /* libimgui.a */,
				BFC145122625D75200BC918B /* libjpeg.a */,
				BFC1450C2625D75100BC918B /* libparticles.a */,
				BFC145182625D75200BC918B /* libpathkit.a */,
				BFC145072625D75100BC918B /* libpiex.a */,
				BFC1450D2625D75100BC918B /* libpng.a */,
				BFC145022625D75100BC918B /* libsdl.a */,
				BFC1451B2625D75200BC918B /* libsfntly.a */,
				BFC1450F2625D75100BC918B /* libskia.a */,
				BFC145192625D75200BC918B /* libskottie.a */,
				BFC145042625D75100BC918B /* libskparagraph.a */,
				BFC145152625D75200BC918B /* libskresources.a */,
				BFC145172625D75200BC918B /* libskrive.a */,
				BFC145132625D75200BC918B /* libsksg.a */,
				BFC1450E2625D75100BC918B /* libskshaper.a */,
				BFC145142625D75200BC918B /* libsvg.a */,
				BFC145112625D75200BC918B /* libwebp_sse41.a */,
				BFC1451A2625D75200BC918B /* libwebp.a */,
				BFC145032625D75100BC918B /* libzlib.a */,
				F3A497B22555F11600E92A8B /* AVFoundation.framework */,
				F3A497AF2555F0FF00E92A8B /* Metal.framework */,
				F3A497AB2555F0BD00E92A8B /* CoreHaptics.framework */,
				FAE0E9641BAF967F0098DFA4 /* GameController.framework */,
				FA8B4B96196703B400F8EB7C /* CoreMotion.framework */,
				FDB8BFC50E5A0F6A00980157 /* CoreGraphics.framework */,
				FD77A0840E26BDB800F39101 /* AudioToolbox.framework */,
				FD779EDD0E26BA1200F39101 /* CoreAudio.framework */,
				28FD15070DC6FC5B0079059D /* QuartzCore.framework */,
				28FD14FF0DC6FC520079059D /* OpenGLES.framework */,
				1DF5F4DF0D08C38300B7A737 /* UIKit.framework */,
				1D30AB110D05D00D00671497 /* Foundation.framework */,
			);
			name = Frameworks;
			sourceTree = "<group>";
		};
		BF964EE326492907001FD989 /* src */ = {
			isa = PBXGroup;
			children = (
				BF964EE426492907001FD989 /* HelloWorldLayer.cpp */,
				BF964EE526492907001FD989 /* AppCreator.cpp */,
				BF964EE626492907001FD989 /* HelloWorldLayer.h */,
				BF964EE726492907001FD989 /* AppCreator.h */,
			);
			name = src;
			path = ../src;
			sourceTree = "<group>";
		};
		BFBAA6FB264951B00035B6B5 /* Products */ = {
			isa = PBXGroup;
			children = (
				BFBAA6FF264951B10035B6B5 /* libsk_ui.a */,
			);
			name = Products;
			sourceTree = "<group>";
		};
/* End PBXGroup section */

/* Begin PBXNativeTarget section */
		1D6058900D05DD3D006BFB54 /* HelloWorldApp */ = {
			isa = PBXNativeTarget;
			buildConfigurationList = 1D6058960D05DD3E006BFB54 /* Build configuration list for PBXNativeTarget "HelloWorldApp" */;
			buildPhases = (
				1D60588D0D05DD3D006BFB54 /* Resources */,
				1D60588E0D05DD3D006BFB54 /* Sources */,
				1D60588F0D05DD3D006BFB54 /* Frameworks */,
			);
			buildRules = (
			);
			dependencies = (
				BFBAA701264951BD0035B6B5 /* PBXTargetDependency */,
			);
			name = HelloWorldApp;
			productName = "___PROJECTNAME___";
			productReference = 1D6058910D05DD3D006BFB54 /* HelloWorldApp.app */;
			productType = "com.apple.product-type.application";
		};
/* End PBXNativeTarget section */

/* Begin PBXProject section */
		29B97313FDCFA39411CA2CEA /* Project object */ = {
			isa = PBXProject;
			attributes = {
				LastUpgradeCheck = 0510;
				TargetAttributes = {
					1D6058900D05DD3D006BFB54 = {
						DevelopmentTeam = 3M3W4L293S;
						ProvisioningStyle = Automatic;
					};
				};
			};
			buildConfigurationList = C01FCF4E08A954540054247B /* Build configuration list for PBXProject "HelloWorldApp" */;
			compatibilityVersion = "Xcode 3.2";
			developmentRegion = English;
			hasScannedForEncodings = 1;
			knownRegions = (
				English,
				Japanese,
				French,
				German,
			);
			mainGroup = 29B97314FDCFA39411CA2CEA /* CustomTemplate */;
			projectDirPath = "";
			projectReferences = (
				{
					ProductGroup = BFBAA6FB264951B00035B6B5 /* Products */;
					ProjectRef = BFBAA6FA264951B00035B6B5 /* sk_ui.xcodeproj */;
				},
			);
			projectRoot = "";
			targets = (
				1D6058900D05DD3D006BFB54 /* HelloWorldApp */,
			);
		};
/* End PBXProject section */

/* Begin PBXReferenceProxy section */
		BFBAA6FF264951B10035B6B5 /* libsk_ui.a */ = {
			isa = PBXReferenceProxy;
			fileType = archive.ar;
			path = libsk_ui.a;
			remoteRef = BFBAA6FE264951B10035B6B5 /* PBXContainerItemProxy */;
			sourceTree = BUILT_PRODUCTS_DIR;
		};
/* End PBXReferenceProxy section */

/* Begin PBXResourcesBuildPhase section */
		1D60588D0D05DD3D006BFB54 /* Resources */ = {
			isa = PBXResourcesBuildPhase;
			buildActionMask = 2147483647;
			files = (
				BFC14E772625F1E900BC918B /* Icon.png in Resources */,
				945C4F53195AF17F00DBBF61 /* Default-568h@2x.png in Resources */,
				BFC14E6E2625EEF300BC918B /* data in Resources */,
				BFC14E752625F1E900BC918B /* Default.png in Resources */,
			);
			runOnlyForDeploymentPostprocessing = 0;
		};
/* End PBXResourcesBuildPhase section */

/* Begin PBXSourcesBuildPhase section */
		1D60588E0D05DD3D006BFB54 /* Sources */ = {
			isa = PBXSourcesBuildPhase;
			buildActionMask = 2147483647;
			files = (
				BF964EE926492907001FD989 /* AppCreator.cpp in Sources */,
				BF964EE826492907001FD989 /* HelloWorldLayer.cpp in Sources */,
				BF64582A264A20E1002B60B2 /* main.cpp in Sources */,
			);
			runOnlyForDeploymentPostprocessing = 0;
		};
/* End PBXSourcesBuildPhase section */

/* Begin PBXTargetDependency section */
		BFBAA701264951BD0035B6B5 /* PBXTargetDependency */ = {
			isa = PBXTargetDependency;
			name = sk_ui;
			targetProxy = BFBAA700264951BD0035B6B5 /* PBXContainerItemProxy */;
		};
/* End PBXTargetDependency section */

/* Begin XCBuildConfiguration section */
		1D6058940D05DD3E006BFB54 /* Debug */ = {
			isa = XCBuildConfiguration;
			buildSettings = {
				ALWAYS_SEARCH_USER_PATHS = NO;
				CLANG_CXX_LANGUAGE_STANDARD = "gnu++17";
				CLANG_CXX_LIBRARY = "libc++";
				CODE_SIGN_IDENTITY = "Apple Development";
				CODE_SIGN_STYLE = Automatic;
				COPY_PHASE_STRIP = NO;
				DEVELOPMENT_TEAM = 3M3W4L293S;
				ENABLE_BITCODE = NO;
				GCC_C_LANGUAGE_STANDARD = c11;
				GCC_DYNAMIC_NO_PIC = NO;
				GCC_OPTIMIZATION_LEVEL = 0;
				GCC_PRECOMPILE_PREFIX_HEADER = YES;
				GCC_PREFIX_HEADER = "";
				GCC_PREPROCESSOR_DEFINITIONS = (
					SK_GL,
					"GR_GL_CHECK_ERROR=0",
					"GR_GL_LOG_CALLS=0",
					__USE_SDL__,
				);
				HEADER_SEARCH_PATHS = (
					../../..,
					../../sk_ui,
					../../happyhttp,
				);
				INFOPLIST_FILE = Info.plist;
				IPHONEOS_DEPLOYMENT_TARGET = 13.0;
				LIBRARY_SEARCH_PATHS = (
					"$(inherited)",
					../../../libs/ios/arm64/debug,
				);
				MARKETING_VERSION = 100;
				PRODUCT_BUNDLE_IDENTIFIER = com.jimmysoftware.sdltest;
				PRODUCT_NAME = HelloWorldApp;
				PROVISIONING_PROFILE_SPECIFIER = "";
				TARGETED_DEVICE_FAMILY = "1,2";
				USER_HEADER_SEARCH_PATHS = "../../../third_party/externals/sdl/include ../../.. ../HelloWorldLib ../../../third_party/externals/imgui";
			};
			name = Debug;
		};
		1D6058950D05DD3E006BFB54 /* Release */ = {
			isa = XCBuildConfiguration;
			buildSettings = {
				ALWAYS_SEARCH_USER_PATHS = NO;
				CLANG_CXX_LANGUAGE_STANDARD = "gnu++17";
				CLANG_CXX_LIBRARY = "libc++";
				CODE_SIGN_IDENTITY = "Apple Development";
				CODE_SIGN_STYLE = Automatic;
				COPY_PHASE_STRIP = YES;
				DEVELOPMENT_TEAM = 3M3W4L293S;
				ENABLE_BITCODE = NO;
				GCC_C_LANGUAGE_STANDARD = c11;
				GCC_PRECOMPILE_PREFIX_HEADER = YES;
				GCC_PREFIX_HEADER = "";
				GCC_PREPROCESSOR_DEFINITIONS = (
					SK_GL,
					"GR_GL_CHECK_ERROR=0",
					"GR_GL_LOG_CALLS=0",
					__USE_SDL__,
				);
				HEADER_SEARCH_PATHS = (
					../../..,
					../../sk_ui,
					../../happyhttp,
				);
				INFOPLIST_FILE = Info.plist;
				IPHONEOS_DEPLOYMENT_TARGET = 13.0;
				LIBRARY_SEARCH_PATHS = (
					"$(inherited)",
					../../../libs/ios/arm64/release,
				);
				MARKETING_VERSION = 100;
				PRODUCT_BUNDLE_IDENTIFIER = com.jimmysoftware.sdltest;
				PRODUCT_NAME = HelloWorldApp;
				PROVISIONING_PROFILE_SPECIFIER = "";
				TARGETED_DEVICE_FAMILY = "1,2";
				USER_HEADER_SEARCH_PATHS = "../../../third_party/externals/sdl/include ../../.. ../HelloWorldLib ../../../third_party/externals/imgui";
			};
			name = Release;
		};
		C01FCF4F08A954540054247B /* Debug */ = {
			isa = XCBuildConfiguration;
			buildSettings = {
				"CODE_SIGN_IDENTITY[sdk=iphoneos*]" = "iPhone Developer";
				GCC_C_LANGUAGE_STANDARD = c99;
				GCC_WARN_ABOUT_RETURN_TYPE = YES;
				GCC_WARN_UNUSED_VARIABLE = YES;
				ONLY_ACTIVE_ARCH = YES;
				OTHER_CFLAGS = "";
				PREBINDING = NO;
				SDKROOT = iphoneos;
			};
			name = Debug;
		};
		C01FCF5008A954540054247B /* Release */ = {
			isa = XCBuildConfiguration;
			buildSettings = {
				"CODE_SIGN_IDENTITY[sdk=iphoneos*]" = "iPhone Developer";
				GCC_C_LANGUAGE_STANDARD = c99;
				GCC_WARN_ABOUT_RETURN_TYPE = YES;
				GCC_WARN_UNUSED_VARIABLE = YES;
				OTHER_CFLAGS = "";
				PREBINDING = NO;
				SDKROOT = iphoneos;
			};
			name = Release;
		};
/* End XCBuildConfiguration section */

/* Begin XCConfigurationList section */
		1D6058960D05DD3E006BFB54 /* Build configuration list for PBXNativeTarget "HelloWorldApp" */ = {
			isa = XCConfigurationList;
			buildConfigurations = (
				1D6058940D05DD3E006BFB54 /* Debug */,
				1D6058950D05DD3E006BFB54 /* Release */,
			);
			defaultConfigurationIsVisible = 0;
			defaultConfigurationName = Release;
		};
		C01FCF4E08A954540054247B /* Build configuration list for PBXProject "HelloWorldApp" */ = {
			isa = XCConfigurationList;
			buildConfigurations = (
				C01FCF4F08A954540054247B /* Debug */,
				C01FCF5008A954540054247B /* Release */,
			);
			defaultConfigurationIsVisible = 0;
			defaultConfigurationName = Release;
		};
/* End XCConfigurationList section */
	};
	rootObject = 29B97313FDCFA39411CA2CEA /* Project object */;
}
